// !$*UTF8*$!
{
	archiveVersion = 1;
	classes = {
	};
	objectVersion = 56;
	objects = {

/* Begin PBXBuildFile section */
		260FBDB52B7EE0220021AE5D /* MapViewController.swift in Sources */ = {isa = PBXBuildFile; fileRef = 260FBDB42B7EE0220021AE5D /* MapViewController.swift */; };
		261ED0222B70CDB500F19BAA /* AppDelegate.swift in Sources */ = {isa = PBXBuildFile; fileRef = 261ED0212B70CDB500F19BAA /* AppDelegate.swift */; };
		261ED0242B70CDB500F19BAA /* SceneDelegate.swift in Sources */ = {isa = PBXBuildFile; fileRef = 261ED0232B70CDB500F19BAA /* SceneDelegate.swift */; };
		261ED0262B70CDB500F19BAA /* CurrentLocationViewController.swift in Sources */ = {isa = PBXBuildFile; fileRef = 261ED0252B70CDB500F19BAA /* CurrentLocationViewController.swift */; };
		261ED0292B70CDB500F19BAA /* Main.storyboard in Resources */ = {isa = PBXBuildFile; fileRef = 261ED0272B70CDB500F19BAA /* Main.storyboard */; };
		261ED02B2B70CDB800F19BAA /* Assets.xcassets in Resources */ = {isa = PBXBuildFile; fileRef = 261ED02A2B70CDB800F19BAA /* Assets.xcassets */; };
		261ED02E2B70CDB800F19BAA /* LaunchScreen.storyboard in Resources */ = {isa = PBXBuildFile; fileRef = 261ED02C2B70CDB800F19BAA /* LaunchScreen.storyboard */; };
		262B6A502B8043EB00BA0CD7 /* UIImage+Resize.swift in Sources */ = {isa = PBXBuildFile; fileRef = 262B6A4F2B8043EB00BA0CD7 /* UIImage+Resize.swift */; };
		265CB4C32B7D3B8D00798392 /* MyLocations.xcdatamodeld in Sources */ = {isa = PBXBuildFile; fileRef = 265CB4C12B7D3B8D00798392 /* MyLocations.xcdatamodeld */; };
		265CB4C62B7D3E1C00798392 /* Location+CoreDataClass.swift in Sources */ = {isa = PBXBuildFile; fileRef = 265CB4C42B7D3E1C00798392 /* Location+CoreDataClass.swift */; };
		265CB4C72B7D3E1C00798392 /* Location+CoreDataProperties.swift in Sources */ = {isa = PBXBuildFile; fileRef = 265CB4C52B7D3E1C00798392 /* Location+CoreDataProperties.swift */; };
		267CA8352B828A5600D5D0B1 /* String+AddText.swift in Sources */ = {isa = PBXBuildFile; fileRef = 267CA8342B828A5600D5D0B1 /* String+AddText.swift */; };
		26BDEC7F2B7DB5B000F7BF8F /* LocationsViewController.swift in Sources */ = {isa = PBXBuildFile; fileRef = 26BDEC7E2B7DB5B000F7BF8F /* LocationsViewController.swift */; };
		26BDEC832B7DBD6600F7BF8F /* LocationCell.swift in Sources */ = {isa = PBXBuildFile; fileRef = 26BDEC822B7DBD6600F7BF8F /* LocationCell.swift */; };
		26CEEECA2B73568700AFC3A0 /* LocationDetailsViewController.swift in Sources */ = {isa = PBXBuildFile; fileRef = 26CEEEC92B73568700AFC3A0 /* LocationDetailsViewController.swift */; };
		26CEEECC2B74291800AFC3A0 /*  CategoryPickerViewController.swift in Sources */ = {isa = PBXBuildFile; fileRef = 26CEEECB2B74291800AFC3A0 /*  CategoryPickerViewController.swift */; };
		26CEEECE2B74351200AFC3A0 /* HudView.swift in Sources */ = {isa = PBXBuildFile; fileRef = 26CEEECD2B74351200AFC3A0 /* HudView.swift */; };
		26CEEED02B743F0A00AFC3A0 /* Functions.swift in Sources */ = {isa = PBXBuildFile; fileRef = 26CEEECF2B743F0A00AFC3A0 /* Functions.swift */; };
/* End PBXBuildFile section */

/* Begin PBXFileReference section */
		260FBDB42B7EE0220021AE5D /* MapViewController.swift */ = {isa = PBXFileReference; lastKnownFileType = sourcecode.swift; path = MapViewController.swift; sourceTree = "<group>"; };
		261ED01E2B70CDB500F19BAA /* MyLocations.app */ = {isa = PBXFileReference; explicitFileType = wrapper.application; includeInIndex = 0; path = MyLocations.app; sourceTree = BUILT_PRODUCTS_DIR; };
		261ED0212B70CDB500F19BAA /* AppDelegate.swift */ = {isa = PBXFileReference; lastKnownFileType = sourcecode.swift; path = AppDelegate.swift; sourceTree = "<group>"; };
		261ED0232B70CDB500F19BAA /* SceneDelegate.swift */ = {isa = PBXFileReference; lastKnownFileType = sourcecode.swift; path = SceneDelegate.swift; sourceTree = "<group>"; };
		261ED0252B70CDB500F19BAA /* CurrentLocationViewController.swift */ = {isa = PBXFileReference; lastKnownFileType = sourcecode.swift; path = CurrentLocationViewController.swift; sourceTree = "<group>"; };
		261ED0282B70CDB500F19BAA /* Base */ = {isa = PBXFileReference; lastKnownFileType = file.storyboard; name = Base; path = Base.lproj/Main.storyboard; sourceTree = "<group>"; };
		261ED02A2B70CDB800F19BAA /* Assets.xcassets */ = {isa = PBXFileReference; lastKnownFileType = folder.assetcatalog; path = Assets.xcassets; sourceTree = "<group>"; };
		261ED02D2B70CDB800F19BAA /* Base */ = {isa = PBXFileReference; lastKnownFileType = file.storyboard; name = Base; path = Base.lproj/LaunchScreen.storyboard; sourceTree = "<group>"; };
		261ED02F2B70CDB800F19BAA /* Info.plist */ = {isa = PBXFileReference; lastKnownFileType = text.plist.xml; path = Info.plist; sourceTree = "<group>"; };
		262B6A4F2B8043EB00BA0CD7 /* UIImage+Resize.swift */ = {isa = PBXFileReference; lastKnownFileType = sourcecode.swift; path = "UIImage+Resize.swift"; sourceTree = "<group>"; };
		265CB4C22B7D3B8D00798392 /* Model.xcdatamodel */ = {isa = PBXFileReference; lastKnownFileType = wrapper.xcdatamodel; path = Model.xcdatamodel; sourceTree = "<group>"; };
		265CB4C42B7D3E1C00798392 /* Location+CoreDataClass.swift */ = {isa = PBXFileReference; lastKnownFileType = sourcecode.swift; path = "Location+CoreDataClass.swift"; sourceTree = "<group>"; };
		265CB4C52B7D3E1C00798392 /* Location+CoreDataProperties.swift */ = {isa = PBXFileReference; lastKnownFileType = sourcecode.swift; path = "Location+CoreDataProperties.swift"; sourceTree = "<group>"; };
		267CA8342B828A5600D5D0B1 /* String+AddText.swift */ = {isa = PBXFileReference; lastKnownFileType = sourcecode.swift; path = "String+AddText.swift"; sourceTree = "<group>"; };
		26BDEC7E2B7DB5B000F7BF8F /* LocationsViewController.swift */ = {isa = PBXFileReference; lastKnownFileType = sourcecode.swift; path = LocationsViewController.swift; sourceTree = "<group>"; };
		26BDEC822B7DBD6600F7BF8F /* LocationCell.swift */ = {isa = PBXFileReference; lastKnownFileType = sourcecode.swift; path = LocationCell.swift; sourceTree = "<group>"; };
		26CEEEC92B73568700AFC3A0 /* LocationDetailsViewController.swift */ = {isa = PBXFileReference; lastKnownFileType = sourcecode.swift; path = LocationDetailsViewController.swift; sourceTree = "<group>"; };
		26CEEECB2B74291800AFC3A0 /*  CategoryPickerViewController.swift */ = {isa = PBXFileReference; lastKnownFileType = sourcecode.swift; path = " CategoryPickerViewController.swift"; sourceTree = "<group>"; };
		26CEEECD2B74351200AFC3A0 /* HudView.swift */ = {isa = PBXFileReference; lastKnownFileType = sourcecode.swift; path = HudView.swift; sourceTree = "<group>"; };
		26CEEECF2B743F0A00AFC3A0 /* Functions.swift */ = {isa = PBXFileReference; lastKnownFileType = sourcecode.swift; path = Functions.swift; sourceTree = "<group>"; };
/* End PBXFileReference section */

/* Begin PBXFrameworksBuildPhase section */
		261ED01B2B70CDB500F19BAA /* Frameworks */ = {
			isa = PBXFrameworksBuildPhase;
			buildActionMask = 2147483647;
			files = (
			);
			runOnlyForDeploymentPostprocessing = 0;
		};
/* End PBXFrameworksBuildPhase section */

/* Begin PBXGroup section */
		261ED0152B70CDB500F19BAA = {
			isa = PBXGroup;
			children = (
				265CB4C42B7D3E1C00798392 /* Location+CoreDataClass.swift */,
				265CB4C52B7D3E1C00798392 /* Location+CoreDataProperties.swift */,
				261ED0202B70CDB500F19BAA /* MyLocations */,
				261ED01F2B70CDB500F19BAA /* Products */,
			);
			sourceTree = "<group>";
		};
		261ED01F2B70CDB500F19BAA /* Products */ = {
			isa = PBXGroup;
			children = (
				261ED01E2B70CDB500F19BAA /* MyLocations.app */,
			);
			name = Products;
			sourceTree = "<group>";
		};
		261ED0202B70CDB500F19BAA /* MyLocations */ = {
			isa = PBXGroup;
			children = (
				261ED0212B70CDB500F19BAA /* AppDelegate.swift */,
				261ED02A2B70CDB800F19BAA /* Assets.xcassets */,
				26CEEECB2B74291800AFC3A0 /*  CategoryPickerViewController.swift */,
				261ED0252B70CDB500F19BAA /* CurrentLocationViewController.swift */,
				26CEEECF2B743F0A00AFC3A0 /* Functions.swift */,
				26CEEECD2B74351200AFC3A0 /* HudView.swift */,
				261ED02F2B70CDB800F19BAA /* Info.plist */,
				261ED02C2B70CDB800F19BAA /* LaunchScreen.storyboard */,
				26CEEEC92B73568700AFC3A0 /* LocationDetailsViewController.swift */,
				26BDEC7E2B7DB5B000F7BF8F /* LocationsViewController.swift */,
				261ED0272B70CDB500F19BAA /* Main.storyboard */,
				265CB4C12B7D3B8D00798392 /* MyLocations.xcdatamodeld */,
				261ED0232B70CDB500F19BAA /* SceneDelegate.swift */,
				26BDEC822B7DBD6600F7BF8F /* LocationCell.swift */,
				260FBDB42B7EE0220021AE5D /* MapViewController.swift */,
				262B6A4F2B8043EB00BA0CD7 /* UIImage+Resize.swift */,
				267CA8342B828A5600D5D0B1 /* String+AddText.swift */,
			);
			path = MyLocations;
			sourceTree = "<group>";
		};
/* End PBXGroup section */

/* Begin PBXNativeTarget section */
		261ED01D2B70CDB500F19BAA /* MyLocations */ = {
			isa = PBXNativeTarget;
			buildConfigurationList = 261ED0322B70CDB800F19BAA /* Build configuration list for PBXNativeTarget "MyLocations" */;
			buildPhases = (
				261ED01A2B70CDB500F19BAA /* Sources */,
				261ED01B2B70CDB500F19BAA /* Frameworks */,
				261ED01C2B70CDB500F19BAA /* Resources */,
			);
			buildRules = (
			);
			dependencies = (
			);
			name = MyLocations;
			productName = MyLocations;
			productReference = 261ED01E2B70CDB500F19BAA /* MyLocations.app */;
			productType = "com.apple.product-type.application";
		};
/* End PBXNativeTarget section */

/* Begin PBXProject section */
		261ED0162B70CDB500F19BAA /* Project object */ = {
			isa = PBXProject;
			attributes = {
				BuildIndependentTargetsInParallel = 1;
				LastSwiftUpdateCheck = 1520;
				LastUpgradeCheck = 1520;
				TargetAttributes = {
					261ED01D2B70CDB500F19BAA = {
						CreatedOnToolsVersion = 15.2;
					};
				};
			};
			buildConfigurationList = 261ED0192B70CDB500F19BAA /* Build configuration list for PBXProject "MyLocations" */;
			compatibilityVersion = "Xcode 14.0";
			developmentRegion = en;
			hasScannedForEncodings = 0;
			knownRegions = (
				en,
				Base,
			);
			mainGroup = 261ED0152B70CDB500F19BAA;
			productRefGroup = 261ED01F2B70CDB500F19BAA /* Products */;
			projectDirPath = "";
			projectRoot = "";
			targets = (
				261ED01D2B70CDB500F19BAA /* MyLocations */,
			);
		};
/* End PBXProject section */

/* Begin PBXResourcesBuildPhase section */
		261ED01C2B70CDB500F19BAA /* Resources */ = {
			isa = PBXResourcesBuildPhase;
			buildActionMask = 2147483647;
			files = (
				261ED02E2B70CDB800F19BAA /* LaunchScreen.storyboard in Resources */,
				261ED02B2B70CDB800F19BAA /* Assets.xcassets in Resources */,
				261ED0292B70CDB500F19BAA /* Main.storyboard in Resources */,
			);
			runOnlyForDeploymentPostprocessing = 0;
		};
/* End PBXResourcesBuildPhase section */

/* Begin PBXSourcesBuildPhase section */
		261ED01A2B70CDB500F19BAA /* Sources */ = {
			isa = PBXSourcesBuildPhase;
			buildActionMask = 2147483647;
			files = (
				26CEEECC2B74291800AFC3A0 /*  CategoryPickerViewController.swift in Sources */,
				26CEEECA2B73568700AFC3A0 /* LocationDetailsViewController.swift in Sources */,
				26CEEECE2B74351200AFC3A0 /* HudView.swift in Sources */,
				265CB4C32B7D3B8D00798392 /* MyLocations.xcdatamodeld in Sources */,
				26BDEC7F2B7DB5B000F7BF8F /* LocationsViewController.swift in Sources */,
				265CB4C72B7D3E1C00798392 /* Location+CoreDataProperties.swift in Sources */,
				260FBDB52B7EE0220021AE5D /* MapViewController.swift in Sources */,
				262B6A502B8043EB00BA0CD7 /* UIImage+Resize.swift in Sources */,
				26BDEC832B7DBD6600F7BF8F /* LocationCell.swift in Sources */,
				26CEEED02B743F0A00AFC3A0 /* Functions.swift in Sources */,
				261ED0262B70CDB500F19BAA /* CurrentLocationViewController.swift in Sources */,
				265CB4C62B7D3E1C00798392 /* Location+CoreDataClass.swift in Sources */,
				267CA8352B828A5600D5D0B1 /* String+AddText.swift in Sources */,
				261ED0222B70CDB500F19BAA /* AppDelegate.swift in Sources */,
				261ED0242B70CDB500F19BAA /* SceneDelegate.swift in Sources */,
			);
			runOnlyForDeploymentPostprocessing = 0;
		};
/* End PBXSourcesBuildPhase section */

/* Begin PBXVariantGroup section */
		261ED0272B70CDB500F19BAA /* Main.storyboard */ = {
			isa = PBXVariantGroup;
			children = (
				261ED0282B70CDB500F19BAA /* Base */,
			);
			name = Main.storyboard;
			sourceTree = "<group>";
		};
		261ED02C2B70CDB800F19BAA /* LaunchScreen.storyboard */ = {
			isa = PBXVariantGroup;
			children = (
				261ED02D2B70CDB800F19BAA /* Base */,
			);
			name = LaunchScreen.storyboard;
			sourceTree = "<group>";
		};
/* End PBXVariantGroup section */

/* Begin XCBuildConfiguration section */
		261ED0302B70CDB800F19BAA /* Debug */ = {
			isa = XCBuildConfiguration;
			buildSettings = {
				ALWAYS_SEARCH_USER_PATHS = NO;
				ASSETCATALOG_COMPILER_GENERATE_SWIFT_ASSET_SYMBOL_EXTENSIONS = YES;
				CLANG_ANALYZER_NONNULL = YES;
				CLANG_ANALYZER_NUMBER_OBJECT_CONVERSION = YES_AGGRESSIVE;
				CLANG_CXX_LANGUAGE_STANDARD = "gnu++20";
				CLANG_ENABLE_MODULES = YES;
				CLANG_ENABLE_OBJC_ARC = YES;
				CLANG_ENABLE_OBJC_WEAK = YES;
				CLANG_WARN_BLOCK_CAPTURE_AUTORELEASING = YES;
				CLANG_WARN_BOOL_CONVERSION = YES;
				CLANG_WARN_COMMA = YES;
				CLANG_WARN_CONSTANT_CONVERSION = YES;
				CLANG_WARN_DEPRECATED_OBJC_IMPLEMENTATIONS = YES;
				CLANG_WARN_DIRECT_OBJC_ISA_USAGE = YES_ERROR;
				CLANG_WARN_DOCUMENTATION_COMMENTS = YES;
				CLANG_WARN_EMPTY_BODY = YES;
				CLANG_WARN_ENUM_CONVERSION = YES;
				CLANG_WARN_INFINITE_RECURSION = YES;
				CLANG_WARN_INT_CONVERSION = YES;
				CLANG_WARN_NON_LITERAL_NULL_CONVERSION = YES;
				CLANG_WARN_OBJC_IMPLICIT_RETAIN_SELF = YES;
				CLANG_WARN_OBJC_LITERAL_CONVERSION = YES;
				CLANG_WARN_OBJC_ROOT_CLASS = YES_ERROR;
				CLANG_WARN_QUOTED_INCLUDE_IN_FRAMEWORK_HEADER = YES;
				CLANG_WARN_RANGE_LOOP_ANALYSIS = YES;
				CLANG_WARN_STRICT_PROTOTYPES = YES;
				CLANG_WARN_SUSPICIOUS_MOVE = YES;
				CLANG_WARN_UNGUARDED_AVAILABILITY = YES_AGGRESSIVE;
				CLANG_WARN_UNREACHABLE_CODE = YES;
				CLANG_WARN__DUPLICATE_METHOD_MATCH = YES;
				COPY_PHASE_STRIP = NO;
				DEBUG_INFORMATION_FORMAT = dwarf;
				ENABLE_STRICT_OBJC_MSGSEND = YES;
				ENABLE_TESTABILITY = YES;
				ENABLE_USER_SCRIPT_SANDBOXING = YES;
				GCC_C_LANGUAGE_STANDARD = gnu17;
				GCC_DYNAMIC_NO_PIC = NO;
				GCC_NO_COMMON_BLOCKS = YES;
				GCC_OPTIMIZATION_LEVEL = 0;
				GCC_PREPROCESSOR_DEFINITIONS = (
					"DEBUG=1",
					"$(inherited)",
				);
				GCC_WARN_64_TO_32_BIT_CONVERSION = YES;
				GCC_WARN_ABOUT_RETURN_TYPE = YES_ERROR;
				GCC_WARN_UNDECLARED_SELECTOR = YES;
				GCC_WARN_UNINITIALIZED_AUTOS = YES_AGGRESSIVE;
				GCC_WARN_UNUSED_FUNCTION = YES;
				GCC_WARN_UNUSED_VARIABLE = YES;
				IPHONEOS_DEPLOYMENT_TARGET = 17.2;
				LOCALIZATION_PREFERS_STRING_CATALOGS = YES;
				MTL_ENABLE_DEBUG_INFO = INCLUDE_SOURCE;
				MTL_FAST_MATH = YES;
				ONLY_ACTIVE_ARCH = YES;
				SDKROOT = iphoneos;
				SWIFT_ACTIVE_COMPILATION_CONDITIONS = "DEBUG $(inherited)";
				SWIFT_OPTIMIZATION_LEVEL = "-Onone";
			};
			name = Debug;
		};
		261ED0312B70CDB800F19BAA /* Release */ = {
			isa = XCBuildConfiguration;
			buildSettings = {
				ALWAYS_SEARCH_USER_PATHS = NO;
				ASSETCATALOG_COMPILER_GENERATE_SWIFT_ASSET_SYMBOL_EXTENSIONS = YES;
				CLANG_ANALYZER_NONNULL = YES;
				CLANG_ANALYZER_NUMBER_OBJECT_CONVERSION = YES_AGGRESSIVE;
				CLANG_CXX_LANGUAGE_STANDARD = "gnu++20";
				CLANG_ENABLE_MODULES = YES;
				CLANG_ENABLE_OBJC_ARC = YES;
				CLANG_ENABLE_OBJC_WEAK = YES;
				CLANG_WARN_BLOCK_CAPTURE_AUTORELEASING = YES;
				CLANG_WARN_BOOL_CONVERSION = YES;
				CLANG_WARN_COMMA = YES;
				CLANG_WARN_CONSTANT_CONVERSION = YES;
				CLANG_WARN_DEPRECATED_OBJC_IMPLEMENTATIONS = YES;
				CLANG_WARN_DIRECT_OBJC_ISA_USAGE = YES_ERROR;
				CLANG_WARN_DOCUMENTATION_COMMENTS = YES;
				CLANG_WARN_EMPTY_BODY = YES;
				CLANG_WARN_ENUM_CONVERSION = YES;
				CLANG_WARN_INFINITE_RECURSION = YES;
				CLANG_WARN_INT_CONVERSION = YES;
				CLANG_WARN_NON_LITERAL_NULL_CONVERSION = YES;
				CLANG_WARN_OBJC_IMPLICIT_RETAIN_SELF = YES;
				CLANG_WARN_OBJC_LITERAL_CONVERSION = YES;
				CLANG_WARN_OBJC_ROOT_CLASS = YES_ERROR;
				CLANG_WARN_QUOTED_INCLUDE_IN_FRAMEWORK_HEADER = YES;
				CLANG_WARN_RANGE_LOOP_ANALYSIS = YES;
				CLANG_WARN_STRICT_PROTOTYPES = YES;
				CLANG_WARN_SUSPICIOUS_MOVE = YES;
				CLANG_WARN_UNGUARDED_AVAILABILITY = YES_AGGRESSIVE;
				CLANG_WARN_UNREACHABLE_CODE = YES;
				CLANG_WARN__DUPLICATE_METHOD_MATCH = YES;
				COPY_PHASE_STRIP = NO;
				DEBUG_INFORMATION_FORMAT = "dwarf-with-dsym";
				ENABLE_NS_ASSERTIONS = NO;
				ENABLE_STRICT_OBJC_MSGSEND = YES;
				ENABLE_USER_SCRIPT_SANDBOXING = YES;
				GCC_C_LANGUAGE_STANDARD = gnu17;
				GCC_NO_COMMON_BLOCKS = YES;
				GCC_WARN_64_TO_32_BIT_CONVERSION = YES;
				GCC_WARN_ABOUT_RETURN_TYPE = YES_ERROR;
				GCC_WARN_UNDECLARED_SELECTOR = YES;
				GCC_WARN_UNINITIALIZED_AUTOS = YES_AGGRESSIVE;
				GCC_WARN_UNUSED_FUNCTION = YES;
				GCC_WARN_UNUSED_VARIABLE = YES;
				IPHONEOS_DEPLOYMENT_TARGET = 17.2;
				LOCALIZATION_PREFERS_STRING_CATALOGS = YES;
				MTL_ENABLE_DEBUG_INFO = NO;
				MTL_FAST_MATH = YES;
				SDKROOT = iphoneos;
				SWIFT_COMPILATION_MODE = wholemodule;
				VALIDATE_PRODUCT = YES;
			};
			name = Release;
		};
		261ED0332B70CDB800F19BAA /* Debug */ = {
			isa = XCBuildConfiguration;
			buildSettings = {
				ASSETCATALOG_COMPILER_APPICON_NAME = AppIcon;
				ASSETCATALOG_COMPILER_GLOBAL_ACCENT_COLOR_NAME = AccentColor;
				CODE_SIGN_STYLE = Automatic;
				CURRENT_PROJECT_VERSION = 1;
				DEVELOPMENT_TEAM = 58BGV76QMW;
				GENERATE_INFOPLIST_FILE = YES;
				INFOPLIST_FILE = MyLocations/Info.plist;
				INFOPLIST_KEY_NSCameraUsageDescription = "Add photos to your locations";
				INFOPLIST_KEY_NSLocationWhenInUseUsageDescription = "This app lets you keep track of interesting places. It needs access to the GPS\ncoordinates for your location.";
				INFOPLIST_KEY_NSPhotoLibraryUsageDescription = "Add photos to your locations";
				INFOPLIST_KEY_UIApplicationSupportsIndirectInputEvents = YES;
				INFOPLIST_KEY_UILaunchStoryboardName = LaunchScreen;
				INFOPLIST_KEY_UIMainStoryboardFile = Main;
				INFOPLIST_KEY_UIRequiredDeviceCapabilities = "location-services";
				INFOPLIST_KEY_UIStatusBarStyle = UIStatusBarStyleLightContent;
				INFOPLIST_KEY_UISupportedInterfaceOrientations = UIInterfaceOrientationPortrait;
				INFOPLIST_KEY_UISupportedInterfaceOrientations_iPad = "UIInterfaceOrientationPortrait UIInterfaceOrientationPortraitUpsideDown";
				INFOPLIST_KEY_UIUserInterfaceStyle = Dark;
				LD_RUNPATH_SEARCH_PATHS = (
					"$(inherited)",
					"@executable_path/Frameworks",
				);
				MARKETING_VERSION = 1.0;
				PRODUCT_BUNDLE_IDENTIFIER = Austin.MyLocations;
				PRODUCT_NAME = "$(TARGET_NAME)";
				SWIFT_EMIT_LOC_STRINGS = YES;
				SWIFT_VERSION = 5.0;
				TARGETED_DEVICE_FAMILY = "1,2";
			};
			name = Debug;
		};
		261ED0342B70CDB800F19BAA /* Release */ = {
			isa = XCBuildConfiguration;
			buildSettings = {
				ASSETCATALOG_COMPILER_APPICON_NAME = AppIcon;
				ASSETCATALOG_COMPILER_GLOBAL_ACCENT_COLOR_NAME = AccentColor;
				CODE_SIGN_STYLE = Automatic;
				CURRENT_PROJECT_VERSION = 1;
				DEVELOPMENT_TEAM = 58BGV76QMW;
				GENERATE_INFOPLIST_FILE = YES;
				INFOPLIST_FILE = MyLocations/Info.plist;
				INFOPLIST_KEY_NSCameraUsageDescription = "Add photos to your locations";
				INFOPLIST_KEY_NSLocationWhenInUseUsageDescription = "This app lets you keep track of interesting places. It needs access to the GPS\ncoordinates for your location.";
				INFOPLIST_KEY_NSPhotoLibraryUsageDescription = "Add photos to your locations";
				INFOPLIST_KEY_UIApplicationSupportsIndirectInputEvents = YES;
				INFOPLIST_KEY_UILaunchStoryboardName = LaunchScreen;
				INFOPLIST_KEY_UIMainStoryboardFile = Main;
				INFOPLIST_KEY_UIRequiredDeviceCapabilities = "location-services";
				INFOPLIST_KEY_UIStatusBarStyle = UIStatusBarStyleLightContent;
				INFOPLIST_KEY_UISupportedInterfaceOrientations = UIInterfaceOrientationPortrait;
				INFOPLIST_KEY_UISupportedInterfaceOrientations_iPad = "UIInterfaceOrientationPortrait UIInterfaceOrientationPortraitUpsideDown";
				INFOPLIST_KEY_UIUserInterfaceStyle = Dark;
				LD_RUNPATH_SEARCH_PATHS = (
					"$(inherited)",
					"@executable_path/Frameworks",
				);
				MARKETING_VERSION = 1.0;
				PRODUCT_BUNDLE_IDENTIFIER = Austin.MyLocations;
				PRODUCT_NAME = "$(TARGET_NAME)";
				SWIFT_EMIT_LOC_STRINGS = YES;
				SWIFT_VERSION = 5.0;
				TARGETED_DEVICE_FAMILY = "1,2";
			};
			name = Release;
		};
/* End XCBuildConfiguration section */

/* Begin XCConfigurationList section */
		261ED0192B70CDB500F19BAA /* Build configuration list for PBXProject "MyLocations" */ = {
			isa = XCConfigurationList;
			buildConfigurations = (
				261ED0302B70CDB800F19BAA /* Debug */,
				261ED0312B70CDB800F19BAA /* Release */,
			);
			defaultConfigurationIsVisible = 0;
			defaultConfigurationName = Release;
		};
		261ED0322B70CDB800F19BAA /* Build configuration list for PBXNativeTarget "MyLocations" */ = {
			isa = XCConfigurationList;
			buildConfigurations = (
				261ED0332B70CDB800F19BAA /* Debug */,
				261ED0342B70CDB800F19BAA /* Release */,
			);
			defaultConfigurationIsVisible = 0;
			defaultConfigurationName = Release;
		};
/* End XCConfigurationList section */

/* Begin XCVersionGroup section */
		265CB4C12B7D3B8D00798392 /* MyLocations.xcdatamodeld */ = {
			isa = XCVersionGroup;
			children = (
				265CB4C22B7D3B8D00798392 /* Model.xcdatamodel */,
			);
			currentVersion = 265CB4C22B7D3B8D00798392 /* Model.xcdatamodel */;
			path = MyLocations.xcdatamodeld;
			sourceTree = "<group>";
			versionGroupType = wrapper.xcdatamodel;
		};
/* End XCVersionGroup section */
	};
	rootObject = 261ED0162B70CDB500F19BAA /* Project object */;
}
